
Microsoft Visual Studio Solution File, Format Version 12.00
# Visual Studio Version 16
VisualStudioVersion = 16.0.29001.49
MinimumVisualStudioVersion = 10.0.40219.1
Project("{FAE04EC0-301F-11D3-BF4B-00C04F79EFBC}") = "dc", "dc\dc.csproj", "{FA5F2805-FD78-4968-B058-312B1F2EFE95}"
EndProject
Global
	GlobalSection(SolutionConfigurationPlatforms) = preSolution
		Debug|Any CPU = Debug|Any CPU
		Release|Any CPU = Release|Any CPU
	EndGlobalSection
	GlobalSection(ProjectConfigurationPlatforms) = postSolution
		{FA5F2805-FD78-4968-B058-312B1F2EFE95}.Debug|Any CPU.ActiveCfg = Debug|Any CPU
		{FA5F2805-FD78-4968-B058-312B1F2EFE95}.Debug|Any CPU.Build.0 = Debug|Any CPU
		{FA5F2805-FD78-4968-B058-312B1F2EFE95}.Release|Any CPU.ActiveCfg = Release|Any CPU
		{FA5F2805-FD78-4968-B058-312B1F2EFE95}.Release|Any CPU.Build.0 = Release|Any CPU
	EndGlobalSection
	GlobalSection(SolutionProperties) = preSolution
		HideSolutionNode = FALSE
	EndGlobalSection
	GlobalSection(ExtensibilityGlobals) = postSolution
		SolutionGuid = {781386CF-3AD5-4D2F-94D2-8F7CDE7EDC82}
	EndGlobalSection
EndGlobal
